
Microsoft Visual Studio Solution File, Format Version 12.00
# Visual Studio 15
VisualStudioVersion = 15.0.28307.757
MinimumVisualStudioVersion = 10.0.40219.1
Project("{FAE04EC0-301F-11D3-BF4B-00C04F79EFBC}") = "DemoWebAPI", "DemoWebAPI\DemoWebAPI.csproj", "{C3EA865D-368D-4D08-BC08-64A847758EC5}"
EndProject
Global
	GlobalSection(SolutionConfigurationPlatforms) = preSolution
		Debug|Any CPU = Debug|Any CPU
		Release|Any CPU = Release|Any CPU
	EndGlobalSection
	GlobalSection(ProjectConfigurationPlatforms) = postSolution
		{C3EA865D-368D-4D08-BC08-64A847758EC5}.Debug|Any CPU.ActiveCfg = Debug|Any CPU
		{C3EA865D-368D-4D08-BC08-64A847758EC5}.Debug|Any CPU.Build.0 = Debug|Any CPU
		{C3EA865D-368D-4D08-BC08-64A847758EC5}.Release|Any CPU.ActiveCfg = Release|Any CPU
		{C3EA865D-368D-4D08-BC08-64A847758EC5}.Release|Any CPU.Build.0 = Release|Any CPU
	EndGlobalSection
	GlobalSection(SolutionProperties) = preSolution
		HideSolutionNode = FALSE
	EndGlobalSection
	GlobalSection(ExtensibilityGlobals) = postSolution
		SolutionGuid = {B96CBA77-2800-42E8-9076-BB508AAA7191}
	EndGlobalSection
EndGlobal
